
Microsoft Visual Studio Solution File, Format Version 12.00
# Visual Studio 2012
Project("{FAE04EC0-301F-11D3-BF4B-00C04F79EFBC}") = "scada", "scada\scada.csproj", "{C1137016-F206-4BAC-9A3F-DB5CCF90EF28}"
EndProject
Global
	GlobalSection(SolutionConfigurationPlatforms) = preSolution
		Debug|Any CPU = Debug|Any CPU
		Release|Any CPU = Release|Any CPU
	EndGlobalSection
	GlobalSection(ProjectConfigurationPlatforms) = postSolution
		{C1137016-F206-4BAC-9A3F-DB5CCF90EF28}.Debug|Any CPU.ActiveCfg = Debug|Any CPU
		{C1137016-F206-4BAC-9A3F-DB5CCF90EF28}.Debug|Any CPU.Build.0 = Debug|Any CPU
		{C1137016-F206-4BAC-9A3F-DB5CCF90EF28}.Release|Any CPU.ActiveCfg = Release|Any CPU
		{C1137016-F206-4BAC-9A3F-DB5CCF90EF28}.Release|Any CPU.Build.0 = Release|Any CPU
	EndGlobalSection
	GlobalSection(SolutionProperties) = preSolution
		HideSolutionNode = FALSE
	EndGlobalSection
EndGlobal
